{
  "name": "ArciteatroVibo",
  "lockfileVersion": 3,
  "requires": true,
  "packages": {
    "": {
      "dependencies": {
        "bs5-lightbox": "^1.8.3",
        "swup": "^4.6.1"
      }
    },
    "node_modules/@popperjs/core": {
      "version": "2.11.8",
      "resolved": "https://registry.npmjs.org/@popperjs/core/-/core-2.11.8.tgz",
      "integrity": "sha512-P1st0aksCrn9sGZhp8GMYwBnQsbvAWsZAX44oXNNvLHGqAOcoVxmjZiohstwQ7SqKnbR47akdNi+uleWD8+g6A==",
      "peer": true,
      "funding": {
        "type": "opencollective",
        "url": "https://opencollective.com/popperjs"
      }
    },
    "node_modules/bootstrap": {
      "version": "5.3.3",
      "resolved": "https://registry.npmjs.org/bootstrap/-/bootstrap-5.3.3.tgz",
      "integrity": "sha512-8HLCdWgyoMguSO9o+aH+iuZ+aht+mzW0u3HIMzVu7Srrpv7EBBxTnrFlSCskwdY1+EOFQSm7uMJhNQHkdPcmjg==",
      "funding": [
        {
          "type": "github",
          "url": "https://github.com/sponsors/twbs"
        },
        {
          "type": "opencollective",
          "url": "https://opencollective.com/bootstrap"
        }
      ],
      "peer": true,
      "peerDependencies": {
        "@popperjs/core": "^2.11.8"
      }
    },
    "node_modules/bs5-lightbox": {
      "version": "1.8.3",
      "resolved": "https://registry.npmjs.org/bs5-lightbox/-/bs5-lightbox-1.8.3.tgz",
      "integrity": "sha512-fEIjplDAtWw17vi6dFeu7+Td52sk3qQ9FbOOVSpWM3nqio502vZKIA0Q0De9D9ah44BGd+zOKUsikRPlKE2hFg==",
      "funding": {
        "url": "https://github.com/sponsors/trvswgnr"
      },
      "peerDependencies": {
        "bootstrap": "^5.0.0"
      }
    },
    "node_modules/delegate-it": {
      "version": "6.1.0",
      "resolved": "https://registry.npmjs.org/delegate-it/-/delegate-it-6.1.0.tgz",
      "integrity": "sha512-sPgBvzO3GVViT1qKiuMLKnZs2HokFwCg304kv2bbG08Tm3qi9u5y5jEC7u2dR0js22i+17JTfqK0XpWop9c67w==",
      "dependencies": {
        "typed-query-selector": "^2.11.2"
      },
      "funding": {
        "url": "https://github.com/sponsors/fregante"
      }
    },
    "node_modules/opencollective-postinstall": {
      "version": "2.0.3",
      "resolved": "https://registry.npmjs.org/opencollective-postinstall/-/opencollective-postinstall-2.0.3.tgz",
      "integrity": "sha512-8AV/sCtuzUeTo8gQK5qDZzARrulB3egtLzFgteqB2tcT4Mw7B8Kt7JcDHmltjz6FOAHsvTevk70gZEbhM4ZS9Q==",
      "bin": {
        "opencollective-postinstall": "index.js"
      }
    },
    "node_modules/path-to-regexp": {
      "version": "6.2.2",
      "resolved": "https://registry.npmjs.org/path-to-regexp/-/path-to-regexp-6.2.2.tgz",
      "integrity": "sha512-GQX3SSMokngb36+whdpRXE+3f9V8UzyAorlYvOGx87ufGHehNTn5lCxrKtLyZ4Yl/wEKnNnr98ZzOwwDZV5ogw=="
    },
    "node_modules/swup": {
      "version": "4.6.1",
      "resolved": "https://registry.npmjs.org/swup/-/swup-4.6.1.tgz",
      "integrity": "sha512-NPjtE00n2aT0QLDChefU7d/eqqz1zwLXsCCCLz7Vi/sLoszC3eicg3oVO0uLtwM1/qz0na3nGRNw3Avwm4VSfw==",
      "hasInstallScript": true,
      "dependencies": {
        "delegate-it": "^6.0.0",
        "opencollective-postinstall": "^2.0.2",
        "path-to-regexp": "^6.2.1"
      }
    },
    "node_modules/typed-query-selector": {
      "version": "2.11.2",
      "resolved": "https://registry.npmjs.org/typed-query-selector/-/typed-query-selector-2.11.2.tgz",
      "integrity": "sha512-6rZP+cG3wPg2w1Zqv2VCOsSqlkGElrLSGeEkyrIU9mHG+JfQZE/6lE3oyQouz42sTS9n8fQXvwQBaVWz6dzpfQ=="
    }
  }
}
